
Microsoft Visual Studio Solution File, Format Version 12.00
# Visual Studio Version 16
VisualStudioVersion = 16.0.32602.291
MinimumVisualStudioVersion = 10.0.40219.1
Project("{FAE04EC0-301F-11D3-BF4B-00C04F79EFBC}") = "Data patterns", "Data patterns\Data patterns.csproj", "{87E2E042-DBA3-4008-8FBF-DD46E7BC31DD}"
EndProject
Global
	GlobalSection(SolutionConfigurationPlatforms) = preSolution
		Debug|Any CPU = Debug|Any CPU
		Release|Any CPU = Release|Any CPU
	EndGlobalSection
	GlobalSection(ProjectConfigurationPlatforms) = postSolution
		{87E2E042-DBA3-4008-8FBF-DD46E7BC31DD}.Debug|Any CPU.ActiveCfg = Debug|Any CPU
		{87E2E042-DBA3-4008-8FBF-DD46E7BC31DD}.Debug|Any CPU.Build.0 = Debug|Any CPU
		{87E2E042-DBA3-4008-8FBF-DD46E7BC31DD}.Release|Any CPU.ActiveCfg = Release|Any CPU
		{87E2E042-DBA3-4008-8FBF-DD46E7BC31DD}.Release|Any CPU.Build.0 = Release|Any CPU
	EndGlobalSection
	GlobalSection(SolutionProperties) = preSolution
		HideSolutionNode = FALSE
	EndGlobalSection
	GlobalSection(ExtensibilityGlobals) = postSolution
		SolutionGuid = {C85B087D-41BA-4507-84AC-B85C2662FDB7}
	EndGlobalSection
EndGlobal
